// !$*UTF8*$!
{
	archiveVersion = 1;
	classes = {
	};
	objectVersion = 56;
	objects = {

/* Begin PBXBuildFile section */
		B919EADC29B0CBFC008378F2 /* AppDelegate.swift in Sources */ = {isa = PBXBuildFile; fileRef = B919EADB29B0CBFC008378F2 /* AppDelegate.swift */; };
		B919EADE29B0CBFC008378F2 /* SceneDelegate.swift in Sources */ = {isa = PBXBuildFile; fileRef = B919EADD29B0CBFC008378F2 /* SceneDelegate.swift */; };
		B919EAE329B0CBFC008378F2 /* Main.storyboard in Resources */ = {isa = PBXBuildFile; fileRef = B919EAE129B0CBFC008378F2 /* Main.storyboard */; };
		B919EAE529B0CBFE008378F2 /* Assets.xcassets in Resources */ = {isa = PBXBuildFile; fileRef = B919EAE429B0CBFE008378F2 /* Assets.xcassets */; };
		B919EAE829B0CBFE008378F2 /* LaunchScreen.storyboard in Resources */ = {isa = PBXBuildFile; fileRef = B919EAE629B0CBFE008378F2 /* LaunchScreen.storyboard */; };
		B919EAF029B47AE1008378F2 /* LoginViewController.swift in Sources */ = {isa = PBXBuildFile; fileRef = B919EAEF29B47AE1008378F2 /* LoginViewController.swift */; };
		B919EAF229B5D0FF008378F2 /* HomeViewController.swift in Sources */ = {isa = PBXBuildFile; fileRef = B919EAF129B5D0FF008378F2 /* HomeViewController.swift */; };
		B93ED79C29BDCABE00AA89AB /* HomeTabBarViewController.swift in Sources */ = {isa = PBXBuildFile; fileRef = B93ED79B29BDCABE00AA89AB /* HomeTabBarViewController.swift */; };
		B9FF4D7629B873E0005F1650 /* CollectionCell.swift in Sources */ = {isa = PBXBuildFile; fileRef = B9FF4D7529B873E0005F1650 /* CollectionCell.swift */; };
		B9FF4D7829B8753B005F1650 /* TableViewCell.swift in Sources */ = {isa = PBXBuildFile; fileRef = B9FF4D7729B8753B005F1650 /* TableViewCell.swift */; };
/* End PBXBuildFile section */

/* Begin PBXFileReference section */
		B919EAD829B0CBFC008378F2 /* Tejari Mobile.app */ = {isa = PBXFileReference; explicitFileType = wrapper.application; includeInIndex = 0; path = "Tejari Mobile.app"; sourceTree = BUILT_PRODUCTS_DIR; };
		B919EADB29B0CBFC008378F2 /* AppDelegate.swift */ = {isa = PBXFileReference; lastKnownFileType = sourcecode.swift; path = AppDelegate.swift; sourceTree = "<group>"; };
		B919EADD29B0CBFC008378F2 /* SceneDelegate.swift */ = {isa = PBXFileReference; lastKnownFileType = sourcecode.swift; path = SceneDelegate.swift; sourceTree = "<group>"; };
		B919EAE229B0CBFC008378F2 /* Base */ = {isa = PBXFileReference; lastKnownFileType = file.storyboard; name = Base; path = Base.lproj/Main.storyboard; sourceTree = "<group>"; };
		B919EAE429B0CBFE008378F2 /* Assets.xcassets */ = {isa = PBXFileReference; lastKnownFileType = folder.assetcatalog; path = Assets.xcassets; sourceTree = "<group>"; };
		B919EAE729B0CBFE008378F2 /* Base */ = {isa = PBXFileReference; lastKnownFileType = file.storyboard; name = Base; path = Base.lproj/LaunchScreen.storyboard; sourceTree = "<group>"; };
		B919EAE929B0CBFE008378F2 /* Info.plist */ = {isa = PBXFileReference; lastKnownFileType = text.plist.xml; path = Info.plist; sourceTree = "<group>"; };
		B919EAEF29B47AE1008378F2 /* LoginViewController.swift */ = {isa = PBXFileReference; lastKnownFileType = sourcecode.swift; path = LoginViewController.swift; sourceTree = "<group>"; };
		B919EAF129B5D0FF008378F2 /* HomeViewController.swift */ = {isa = PBXFileReference; lastKnownFileType = sourcecode.swift; path = HomeViewController.swift; sourceTree = "<group>"; };
		B93ED79B29BDCABE00AA89AB /* HomeTabBarViewController.swift */ = {isa = PBXFileReference; lastKnownFileType = sourcecode.swift; path = HomeTabBarViewController.swift; sourceTree = "<group>"; };
		B9FF4D7529B873E0005F1650 /* CollectionCell.swift */ = {isa = PBXFileReference; lastKnownFileType = sourcecode.swift; path = CollectionCell.swift; sourceTree = "<group>"; };
		B9FF4D7729B8753B005F1650 /* TableViewCell.swift */ = {isa = PBXFileReference; lastKnownFileType = sourcecode.swift; path = TableViewCell.swift; sourceTree = "<group>"; };
/* End PBXFileReference section */

/* Begin PBXFrameworksBuildPhase section */
		B919EAD529B0CBFC008378F2 /* Frameworks */ = {
			isa = PBXFrameworksBuildPhase;
			buildActionMask = 2147483647;
			files = (
			);
			runOnlyForDeploymentPostprocessing = 0;
		};
/* End PBXFrameworksBuildPhase section */

/* Begin PBXGroup section */
		B919EACF29B0CBFC008378F2 = {
			isa = PBXGroup;
			children = (
				B919EADA29B0CBFC008378F2 /* Tejari Mobile */,
				B919EAD929B0CBFC008378F2 /* Products */,
			);
			sourceTree = "<group>";
		};
		B919EAD929B0CBFC008378F2 /* Products */ = {
			isa = PBXGroup;
			children = (
				B919EAD829B0CBFC008378F2 /* Tejari Mobile.app */,
			);
			name = Products;
			sourceTree = "<group>";
		};
		B919EADA29B0CBFC008378F2 /* Tejari Mobile */ = {
			isa = PBXGroup;
			children = (
				B919EADB29B0CBFC008378F2 /* AppDelegate.swift */,
				B919EADD29B0CBFC008378F2 /* SceneDelegate.swift */,
				B919EAEF29B47AE1008378F2 /* LoginViewController.swift */,
				B919EAF129B5D0FF008378F2 /* HomeViewController.swift */,
				B919EAE129B0CBFC008378F2 /* Main.storyboard */,
				B93ED79B29BDCABE00AA89AB /* HomeTabBarViewController.swift */,
				B9FF4D7729B8753B005F1650 /* TableViewCell.swift */,
				B9FF4D7529B873E0005F1650 /* CollectionCell.swift */,
				B919EAE429B0CBFE008378F2 /* Assets.xcassets */,
				B919EAE629B0CBFE008378F2 /* LaunchScreen.storyboard */,
				B919EAE929B0CBFE008378F2 /* Info.plist */,
			);
			path = "Tejari Mobile";
			sourceTree = "<group>";
		};
/* End PBXGroup section */

/* Begin PBXNativeTarget section */
		B919EAD729B0CBFC008378F2 /* Tejari Mobile */ = {
			isa = PBXNativeTarget;
			buildConfigurationList = B919EAEC29B0CBFE008378F2 /* Build configuration list for PBXNativeTarget "Tejari Mobile" */;
			buildPhases = (
				B919EAD429B0CBFC008378F2 /* Sources */,
				B919EAD529B0CBFC008378F2 /* Frameworks */,
				B919EAD629B0CBFC008378F2 /* Resources */,
			);
			buildRules = (
			);
			dependencies = (
			);
			name = "Tejari Mobile";
			productName = "Tejari Mobile";
			productReference = B919EAD829B0CBFC008378F2 /* Tejari Mobile.app */;
			productType = "com.apple.product-type.application";
		};
/* End PBXNativeTarget section */

/* Begin PBXProject section */
		B919EAD029B0CBFC008378F2 /* Project object */ = {
			isa = PBXProject;
			attributes = {
				BuildIndependentTargetsInParallel = 1;
				LastSwiftUpdateCheck = 1420;
				LastUpgradeCheck = 1420;
				TargetAttributes = {
					B919EAD729B0CBFC008378F2 = {
						CreatedOnToolsVersion = 14.2;
					};
				};
			};
			buildConfigurationList = B919EAD329B0CBFC008378F2 /* Build configuration list for PBXProject "Tejari Mobile" */;
			compatibilityVersion = "Xcode 14.0";
			developmentRegion = en;
			hasScannedForEncodings = 0;
			knownRegions = (
				en,
				Base,
			);
			mainGroup = B919EACF29B0CBFC008378F2;
			productRefGroup = B919EAD929B0CBFC008378F2 /* Products */;
			projectDirPath = "";
			projectRoot = "";
			targets = (
				B919EAD729B0CBFC008378F2 /* Tejari Mobile */,
			);
		};
/* End PBXProject section */

/* Begin PBXResourcesBuildPhase section */
		B919EAD629B0CBFC008378F2 /* Resources */ = {
			isa = PBXResourcesBuildPhase;
			buildActionMask = 2147483647;
			files = (
				B919EAE829B0CBFE008378F2 /* LaunchScreen.storyboard in Resources */,
				B919EAE529B0CBFE008378F2 /* Assets.xcassets in Resources */,
				B919EAE329B0CBFC008378F2 /* Main.storyboard in Resources */,
			);
			runOnlyForDeploymentPostprocessing = 0;
		};
/* End PBXResourcesBuildPhase section */

/* Begin PBXSourcesBuildPhase section */
		B919EAD429B0CBFC008378F2 /* Sources */ = {
			isa = PBXSourcesBuildPhase;
			buildActionMask = 2147483647;
			files = (
				B93ED79C29BDCABE00AA89AB /* HomeTabBarViewController.swift in Sources */,
				B919EAF029B47AE1008378F2 /* LoginViewController.swift in Sources */,
				B919EADC29B0CBFC008378F2 /* AppDelegate.swift in Sources */,
				B919EADE29B0CBFC008378F2 /* SceneDelegate.swift in Sources */,
				B919EAF229B5D0FF008378F2 /* HomeViewController.swift in Sources */,
				B9FF4D7829B8753B005F1650 /* TableViewCell.swift in Sources */,
				B9FF4D7629B873E0005F1650 /* CollectionCell.swift in Sources */,
			);
			runOnlyForDeploymentPostprocessing = 0;
		};
/* End PBXSourcesBuildPhase section */

/* Begin PBXVariantGroup section */
		B919EAE129B0CBFC008378F2 /* Main.storyboard */ = {
			isa = PBXVariantGroup;
			children = (
				B919EAE229B0CBFC008378F2 /* Base */,
			);
			name = Main.storyboard;
			sourceTree = "<group>";
		};
		B919EAE629B0CBFE008378F2 /* LaunchScreen.storyboard */ = {
			isa = PBXVariantGroup;
			children = (
				B919EAE729B0CBFE008378F2 /* Base */,
			);
			name = LaunchScreen.storyboard;
			sourceTree = "<group>";
		};
/* End PBXVariantGroup section */

/* Begin XCBuildConfiguration section */
		B919EAEA29B0CBFE008378F2 /* Debug */ = {
			isa = XCBuildConfiguration;
			buildSettings = {
				ALWAYS_SEARCH_USER_PATHS = NO;
				CLANG_ANALYZER_NONNULL = YES;
				CLANG_ANALYZER_NUMBER_OBJECT_CONVERSION = YES_AGGRESSIVE;
				CLANG_CXX_LANGUAGE_STANDARD = "gnu++20";
				CLANG_ENABLE_MODULES = YES;
				CLANG_ENABLE_OBJC_ARC = YES;
				CLANG_ENABLE_OBJC_WEAK = YES;
				CLANG_WARN_BLOCK_CAPTURE_AUTORELEASING = YES;
				CLANG_WARN_BOOL_CONVERSION = YES;
				CLANG_WARN_COMMA = YES;
				CLANG_WARN_CONSTANT_CONVERSION = YES;
				CLANG_WARN_DEPRECATED_OBJC_IMPLEMENTATIONS = YES;
				CLANG_WARN_DIRECT_OBJC_ISA_USAGE = YES_ERROR;
				CLANG_WARN_DOCUMENTATION_COMMENTS = YES;
				CLANG_WARN_EMPTY_BODY = YES;
				CLANG_WARN_ENUM_CONVERSION = YES;
				CLANG_WARN_INFINITE_RECURSION = YES;
				CLANG_WARN_INT_CONVERSION = YES;
				CLANG_WARN_NON_LITERAL_NULL_CONVERSION = YES;
				CLANG_WARN_OBJC_IMPLICIT_RETAIN_SELF = YES;
				CLANG_WARN_OBJC_LITERAL_CONVERSION = YES;
				CLANG_WARN_OBJC_ROOT_CLASS = YES_ERROR;
				CLANG_WARN_QUOTED_INCLUDE_IN_FRAMEWORK_HEADER = YES;
				CLANG_WARN_RANGE_LOOP_ANALYSIS = YES;
				CLANG_WARN_STRICT_PROTOTYPES = YES;
				CLANG_WARN_SUSPICIOUS_MOVE = YES;
				CLANG_WARN_UNGUARDED_AVAILABILITY = YES_AGGRESSIVE;
				CLANG_WARN_UNREACHABLE_CODE = YES;
				CLANG_WARN__DUPLICATE_METHOD_MATCH = YES;
				COPY_PHASE_STRIP = NO;
				DEBUG_INFORMATION_FORMAT = dwarf;
				ENABLE_STRICT_OBJC_MSGSEND = YES;
				ENABLE_TESTABILITY = YES;
				GCC_C_LANGUAGE_STANDARD = gnu11;
				GCC_DYNAMIC_NO_PIC = NO;
				GCC_NO_COMMON_BLOCKS = YES;
				GCC_OPTIMIZATION_LEVEL = 0;
				GCC_PREPROCESSOR_DEFINITIONS = (
					"DEBUG=1",
					"$(inherited)",
				);
				GCC_WARN_64_TO_32_BIT_CONVERSION = YES;
				GCC_WARN_ABOUT_RETURN_TYPE = YES_ERROR;
				GCC_WARN_UNDECLARED_SELECTOR = YES;
				GCC_WARN_UNINITIALIZED_AUTOS = YES_AGGRESSIVE;
				GCC_WARN_UNUSED_FUNCTION = YES;
				GCC_WARN_UNUSED_VARIABLE = YES;
				IPHONEOS_DEPLOYMENT_TARGET = 16.2;
				MTL_ENABLE_DEBUG_INFO = INCLUDE_SOURCE;
				MTL_FAST_MATH = YES;
				ONLY_ACTIVE_ARCH = YES;
				SDKROOT = iphoneos;
				SWIFT_ACTIVE_COMPILATION_CONDITIONS = DEBUG;
				SWIFT_OPTIMIZATION_LEVEL = "-Onone";
			};
			name = Debug;
		};
		B919EAEB29B0CBFE008378F2 /* Release */ = {
			isa = XCBuildConfiguration;
			buildSettings = {
				ALWAYS_SEARCH_USER_PATHS = NO;
				CLANG_ANALYZER_NONNULL = YES;
				CLANG_ANALYZER_NUMBER_OBJECT_CONVERSION = YES_AGGRESSIVE;
				CLANG_CXX_LANGUAGE_STANDARD = "gnu++20";
				CLANG_ENABLE_MODULES = YES;
				CLANG_ENABLE_OBJC_ARC = YES;
				CLANG_ENABLE_OBJC_WEAK = YES;
				CLANG_WARN_BLOCK_CAPTURE_AUTORELEASING = YES;
				CLANG_WARN_BOOL_CONVERSION = YES;
				CLANG_WARN_COMMA = YES;
				CLANG_WARN_CONSTANT_CONVERSION = YES;
				CLANG_WARN_DEPRECATED_OBJC_IMPLEMENTATIONS = YES;
				CLANG_WARN_DIRECT_OBJC_ISA_USAGE = YES_ERROR;
				CLANG_WARN_DOCUMENTATION_COMMENTS = YES;
				CLANG_WARN_EMPTY_BODY = YES;
				CLANG_WARN_ENUM_CONVERSION = YES;
				CLANG_WARN_INFINITE_RECURSION = YES;
				CLANG_WARN_INT_CONVERSION = YES;
				CLANG_WARN_NON_LITERAL_NULL_CONVERSION = YES;
				CLANG_WARN_OBJC_IMPLICIT_RETAIN_SELF = YES;
				CLANG_WARN_OBJC_LITERAL_CONVERSION = YES;
				CLANG_WARN_OBJC_ROOT_CLASS = YES_ERROR;
				CLANG_WARN_QUOTED_INCLUDE_IN_FRAMEWORK_HEADER = YES;
				CLANG_WARN_RANGE_LOOP_ANALYSIS = YES;
				CLANG_WARN_STRICT_PROTOTYPES = YES;
				CLANG_WARN_SUSPICIOUS_MOVE = YES;
				CLANG_WARN_UNGUARDED_AVAILABILITY = YES_AGGRESSIVE;
				CLANG_WARN_UNREACHABLE_CODE = YES;
				CLANG_WARN__DUPLICATE_METHOD_MATCH = YES;
				COPY_PHASE_STRIP = NO;
				DEBUG_INFORMATION_FORMAT = "dwarf-with-dsym";
				ENABLE_NS_ASSERTIONS = NO;
				ENABLE_STRICT_OBJC_MSGSEND = YES;
				GCC_C_LANGUAGE_STANDARD = gnu11;
				GCC_NO_COMMON_BLOCKS = YES;
				GCC_WARN_64_TO_32_BIT_CONVERSION = YES;
				GCC_WARN_ABOUT_RETURN_TYPE = YES_ERROR;
				GCC_WARN_UNDECLARED_SELECTOR = YES;
				GCC_WARN_UNINITIALIZED_AUTOS = YES_AGGRESSIVE;
				GCC_WARN_UNUSED_FUNCTION = YES;
				GCC_WARN_UNUSED_VARIABLE = YES;
				IPHONEOS_DEPLOYMENT_TARGET = 16.2;
				MTL_ENABLE_DEBUG_INFO = NO;
				MTL_FAST_MATH = YES;
				SDKROOT = iphoneos;
				SWIFT_COMPILATION_MODE = wholemodule;
				SWIFT_OPTIMIZATION_LEVEL = "-O";
				VALIDATE_PRODUCT = YES;
			};
			name = Release;
		};
		B919EAED29B0CBFE008378F2 /* Debug */ = {
			isa = XCBuildConfiguration;
			buildSettings = {
				ASSETCATALOG_COMPILER_APPICON_NAME = AppIcon;
				ASSETCATALOG_COMPILER_GLOBAL_ACCENT_COLOR_NAME = AccentColor;
				CODE_SIGN_STYLE = Automatic;
				CURRENT_PROJECT_VERSION = 1;
				GENERATE_INFOPLIST_FILE = YES;
				INFOPLIST_FILE = "Tejari Mobile/Info.plist";
				INFOPLIST_KEY_UIApplicationSupportsIndirectInputEvents = YES;
				INFOPLIST_KEY_UILaunchStoryboardName = LaunchScreen;
				INFOPLIST_KEY_UIMainStoryboardFile = Main;
				INFOPLIST_KEY_UISupportedInterfaceOrientations_iPad = "UIInterfaceOrientationPortrait UIInterfaceOrientationPortraitUpsideDown UIInterfaceOrientationLandscapeLeft UIInterfaceOrientationLandscapeRight";
				INFOPLIST_KEY_UISupportedInterfaceOrientations_iPhone = "UIInterfaceOrientationPortrait UIInterfaceOrientationLandscapeLeft UIInterfaceOrientationLandscapeRight";
				LD_RUNPATH_SEARCH_PATHS = (
					"$(inherited)",
					"@executable_path/Frameworks",
				);
				MARKETING_VERSION = 1.0;
				PRODUCT_BUNDLE_IDENTIFIER = "com.razeware.Tejari-Mobile";
				PRODUCT_NAME = "$(TARGET_NAME)";
				SWIFT_EMIT_LOC_STRINGS = YES;
				SWIFT_VERSION = 5.0;
				TARGETED_DEVICE_FAMILY = "1,2";
			};
			name = Debug;
		};
		B919EAEE29B0CBFE008378F2 /* Release */ = {
			isa = XCBuildConfiguration;
			buildSettings = {
				ASSETCATALOG_COMPILER_APPICON_NAME = AppIcon;
				ASSETCATALOG_COMPILER_GLOBAL_ACCENT_COLOR_NAME = AccentColor;
				CODE_SIGN_STYLE = Automatic;
				CURRENT_PROJECT_VERSION = 1;
				GENERATE_INFOPLIST_FILE = YES;
				INFOPLIST_FILE = "Tejari Mobile/Info.plist";
				INFOPLIST_KEY_UIApplicationSupportsIndirectInputEvents = YES;
				INFOPLIST_KEY_UILaunchStoryboardName = LaunchScreen;
				INFOPLIST_KEY_UIMainStoryboardFile = Main;
				INFOPLIST_KEY_UISupportedInterfaceOrientations_iPad = "UIInterfaceOrientationPortrait UIInterfaceOrientationPortraitUpsideDown UIInterfaceOrientationLandscapeLeft UIInterfaceOrientationLandscapeRight";
				INFOPLIST_KEY_UISupportedInterfaceOrientations_iPhone = "UIInterfaceOrientationPortrait UIInterfaceOrientationLandscapeLeft UIInterfaceOrientationLandscapeRight";
				LD_RUNPATH_SEARCH_PATHS = (
					"$(inherited)",
					"@executable_path/Frameworks",
				);
				MARKETING_VERSION = 1.0;
				PRODUCT_BUNDLE_IDENTIFIER = "com.razeware.Tejari-Mobile";
				PRODUCT_NAME = "$(TARGET_NAME)";
				SWIFT_EMIT_LOC_STRINGS = YES;
				SWIFT_VERSION = 5.0;
				TARGETED_DEVICE_FAMILY = "1,2";
			};
			name = Release;
		};
/* End XCBuildConfiguration section */

/* Begin XCConfigurationList section */
		B919EAD329B0CBFC008378F2 /* Build configuration list for PBXProject "Tejari Mobile" */ = {
			isa = XCConfigurationList;
			buildConfigurations = (
				B919EAEA29B0CBFE008378F2 /* Debug */,
				B919EAEB29B0CBFE008378F2 /* Release */,
			);
			defaultConfigurationIsVisible = 0;
			defaultConfigurationName = Release;
		};
		B919EAEC29B0CBFE008378F2 /* Build configuration list for PBXNativeTarget "Tejari Mobile" */ = {
			isa = XCConfigurationList;
			buildConfigurations = (
				B919EAED29B0CBFE008378F2 /* Debug */,
				B919EAEE29B0CBFE008378F2 /* Release */,
			);
			defaultConfigurationIsVisible = 0;
			defaultConfigurationName = Release;
		};
/* End XCConfigurationList section */
	};
	rootObject = B919EAD029B0CBFC008378F2 /* Project object */;
}
